
Microsoft Visual Studio Solution File, Format Version 12.00
# Visual Studio Version 16
VisualStudioVersion = 16.0.32602.291
MinimumVisualStudioVersion = 10.0.40219.1
Project("{9A19103F-16F7-4668-BE54-9A1E7A4F7556}") = "TcpServer", "TcpServer.csproj", "{E6F1FCFB-6B1A-4469-873B-73DBC9148BFA}"
EndProject
Project("{FAE04EC0-301F-11D3-BF4B-00C04F79EFBC}") = "TcpAsyncServer", "..\TcpAsyncServer\TcpAsyncServer.csproj", "{62168DD2-98D1-4CE0-A616-7F26CB2F4094}"
EndProject
Global
	GlobalSection(SolutionConfigurationPlatforms) = preSolution
		Debug|Any CPU = Debug|Any CPU
		Release|Any CPU = Release|Any CPU
	EndGlobalSection
	GlobalSection(ProjectConfigurationPlatforms) = postSolution
		{E6F1FCFB-6B1A-4469-873B-73DBC9148BFA}.Debug|Any CPU.ActiveCfg = Debug|Any CPU
		{E6F1FCFB-6B1A-4469-873B-73DBC9148BFA}.Debug|Any CPU.Build.0 = Debug|Any CPU
		{E6F1FCFB-6B1A-4469-873B-73DBC9148BFA}.Release|Any CPU.ActiveCfg = Release|Any CPU
		{E6F1FCFB-6B1A-4469-873B-73DBC9148BFA}.Release|Any CPU.Build.0 = Release|Any CPU
		{62168DD2-98D1-4CE0-A616-7F26CB2F4094}.Debug|Any CPU.ActiveCfg = Debug|Any CPU
		{62168DD2-98D1-4CE0-A616-7F26CB2F4094}.Debug|Any CPU.Build.0 = Debug|Any CPU
		{62168DD2-98D1-4CE0-A616-7F26CB2F4094}.Release|Any CPU.ActiveCfg = Release|Any CPU
		{62168DD2-98D1-4CE0-A616-7F26CB2F4094}.Release|Any CPU.Build.0 = Release|Any CPU
	EndGlobalSection
	GlobalSection(SolutionProperties) = preSolution
		HideSolutionNode = FALSE
	EndGlobalSection
	GlobalSection(ExtensibilityGlobals) = postSolution
		SolutionGuid = {304E3049-8C5C-406B-89DA-5CC07BAA033E}
	EndGlobalSection
EndGlobal
